
Microsoft Visual Studio Solution File, Format Version 9.00
# Visual C# Express 2005
Project("{FAE04EC0-301F-11D3-BF4B-00C04F79EFBC}") = "LidomaCard", "LidomaCard\LidomaCard.csproj", "{4959181B-A926-43F1-A61E-D4887D8B4DBF}"
EndProject
Global
	GlobalSection(SolutionConfigurationPlatforms) = preSolution
		Debug|Any CPU = Debug|Any CPU
		Release|Any CPU = Release|Any CPU
	EndGlobalSection
	GlobalSection(ProjectConfigurationPlatforms) = postSolution
		{4959181B-A926-43F1-A61E-D4887D8B4DBF}.Debug|Any CPU.ActiveCfg = Debug|Any CPU
		{4959181B-A926-43F1-A61E-D4887D8B4DBF}.Debug|Any CPU.Build.0 = Debug|Any CPU
		{4959181B-A926-43F1-A61E-D4887D8B4DBF}.Release|Any CPU.ActiveCfg = Release|Any CPU
		{4959181B-A926-43F1-A61E-D4887D8B4DBF}.Release|Any CPU.Build.0 = Release|Any CPU
	EndGlobalSection
	GlobalSection(SolutionProperties) = preSolution
		HideSolutionNode = FALSE
	EndGlobalSection
EndGlobal
